
Microsoft Visual Studio Solution File, Format Version 12.00
# Visual Studio Version 16
VisualStudioVersion = 16.0.30204.135
MinimumVisualStudioVersion = 10.0.40219.1
Project("{FAE04EC0-301F-11D3-BF4B-00C04F79EFBC}") = "ConsumindoCEP", "ConsumindoCEP\ConsumindoCEP.csproj", "{2A526464-DD9F-4B58-A904-492CD103BAAA}"
EndProject
Global
	GlobalSection(SolutionConfigurationPlatforms) = preSolution
		Debug|Any CPU = Debug|Any CPU
		Release|Any CPU = Release|Any CPU
	EndGlobalSection
	GlobalSection(ProjectConfigurationPlatforms) = postSolution
		{2A526464-DD9F-4B58-A904-492CD103BAAA}.Debug|Any CPU.ActiveCfg = Debug|Any CPU
		{2A526464-DD9F-4B58-A904-492CD103BAAA}.Debug|Any CPU.Build.0 = Debug|Any CPU
		{2A526464-DD9F-4B58-A904-492CD103BAAA}.Release|Any CPU.ActiveCfg = Release|Any CPU
		{2A526464-DD9F-4B58-A904-492CD103BAAA}.Release|Any CPU.Build.0 = Release|Any CPU
	EndGlobalSection
	GlobalSection(SolutionProperties) = preSolution
		HideSolutionNode = FALSE
	EndGlobalSection
	GlobalSection(ExtensibilityGlobals) = postSolution
		SolutionGuid = {91994540-91FD-469E-AFFD-05CFEE584860}
	EndGlobalSection
EndGlobal
